
Microsoft Visual Studio Solution File, Format Version 12.00
# Visual Studio Version 17
VisualStudioVersion = 17.9.34902.65
MinimumVisualStudioVersion = 10.0.40219.1
Project("{FAE04EC0-301F-11D3-BF4B-00C04F79EFBC}") = "Purchase_Order", "Purchase_Order\Purchase_Order.csproj", "{DE110B1A-374E-45B2-9391-FE8A6BA1C0E4}"
EndProject
Global
	GlobalSection(SolutionConfigurationPlatforms) = preSolution
		Debug|Any CPU = Debug|Any CPU
		Release|Any CPU = Release|Any CPU
	EndGlobalSection
	GlobalSection(ProjectConfigurationPlatforms) = postSolution
		{DE110B1A-374E-45B2-9391-FE8A6BA1C0E4}.Debug|Any CPU.ActiveCfg = Debug|Any CPU
		{DE110B1A-374E-45B2-9391-FE8A6BA1C0E4}.Debug|Any CPU.Build.0 = Debug|Any CPU
		{DE110B1A-374E-45B2-9391-FE8A6BA1C0E4}.Release|Any CPU.ActiveCfg = Release|Any CPU
		{DE110B1A-374E-45B2-9391-FE8A6BA1C0E4}.Release|Any CPU.Build.0 = Release|Any CPU
	EndGlobalSection
	GlobalSection(SolutionProperties) = preSolution
		HideSolutionNode = FALSE
	EndGlobalSection
	GlobalSection(ExtensibilityGlobals) = postSolution
		SolutionGuid = {17E1132D-E904-454A-BBCB-741EF6D80251}
	EndGlobalSection
EndGlobal
